
Microsoft Visual Studio Solution File, Format Version 12.00
# Visual Studio Version 17
VisualStudioVersion = 17.0.31912.275
MinimumVisualStudioVersion = 10.0.40219.1
Project("{FAE04EC0-301F-11D3-BF4B-00C04F79EFBC}") = "M2S5", "M2S5\M2S5.csproj", "{AB0B88AB-F234-4ACE-8A18-81ADD4FB1C98}"
EndProject
Global
	GlobalSection(SolutionConfigurationPlatforms) = preSolution
		Debug|Any CPU = Debug|Any CPU
		Release|Any CPU = Release|Any CPU
	EndGlobalSection
	GlobalSection(ProjectConfigurationPlatforms) = postSolution
		{AB0B88AB-F234-4ACE-8A18-81ADD4FB1C98}.Debug|Any CPU.ActiveCfg = Debug|Any CPU
		{AB0B88AB-F234-4ACE-8A18-81ADD4FB1C98}.Debug|Any CPU.Build.0 = Debug|Any CPU
		{AB0B88AB-F234-4ACE-8A18-81ADD4FB1C98}.Release|Any CPU.ActiveCfg = Release|Any CPU
		{AB0B88AB-F234-4ACE-8A18-81ADD4FB1C98}.Release|Any CPU.Build.0 = Release|Any CPU
	EndGlobalSection
	GlobalSection(SolutionProperties) = preSolution
		HideSolutionNode = FALSE
	EndGlobalSection
	GlobalSection(ExtensibilityGlobals) = postSolution
		SolutionGuid = {35B835AE-83F2-4A98-A016-59B7C2F1C803}
	EndGlobalSection
EndGlobal
